{
  "requires": true,
  "lockfileVersion": 1,
  "dependencies": {
    "add-line-numbers": {
      "version": "1.0.1",
      "resolved": "https://registry.npmjs.org/add-line-numbers/-/add-line-numbers-1.0.1.tgz",
      "integrity": "sha1-SNu96kfb0jTer+rGyTzqb3C0t+M=",
      "requires": {
        "pad-left": "^1.0.2"
      }
    },
    "pad-left": {
      "version": "1.0.2",
      "resolved": "https://registry.npmjs.org/pad-left/-/pad-left-1.0.2.tgz",
      "integrity": "sha1-GeVzXqmDlaJs7carkm6tEPMQDUw=",
      "requires": {
        "repeat-string": "^1.3.0"
      }
    },
    "repeat-string": {
      "version": "1.6.1",
      "resolved": "https://registry.npmjs.org/repeat-string/-/repeat-string-1.6.1.tgz",
      "integrity": "sha1-jcrkcOHIirwtYA//Sndihtp15jc="
    }
  }
}
